
Microsoft Visual Studio Solution File, Format Version 12.00
# Visual Studio Version 17
VisualStudioVersion = 17.0.31903.59
MinimumVisualStudioVersion = 10.0.40219.1
Project("{FAE04EC0-301F-11D3-BF4B-00C04F79EFBC}") = "API", "API\API.csproj", "{7A692ABD-3DFC-420E-AADE-88D1253249B5}"
EndProject
Project("{FAE04EC0-301F-11D3-BF4B-00C04F79EFBC}") = "Application", "Application\Application.csproj", "{0C53E46E-3DDD-473F-9F69-E367FC4BD335}"
EndProject
Project("{FAE04EC0-301F-11D3-BF4B-00C04F79EFBC}") = "Domain", "Domain\Domain.csproj", "{537C41D6-AD46-457E-BFD8-48AE1CE14EF9}"
EndProject
Project("{FAE04EC0-301F-11D3-BF4B-00C04F79EFBC}") = "Persistence", "Persistence\Persistence.csproj", "{72F3D1FF-B95C-4EA0-B249-EEF3F385A1EC}"
EndProject
Global
	GlobalSection(SolutionConfigurationPlatforms) = preSolution
		Debug|Any CPU = Debug|Any CPU
		Release|Any CPU = Release|Any CPU
	EndGlobalSection
	GlobalSection(SolutionProperties) = preSolution
		HideSolutionNode = FALSE
	EndGlobalSection
	GlobalSection(ProjectConfigurationPlatforms) = postSolution
		{7A692ABD-3DFC-420E-AADE-88D1253249B5}.Debug|Any CPU.ActiveCfg = Debug|Any CPU
		{7A692ABD-3DFC-420E-AADE-88D1253249B5}.Debug|Any CPU.Build.0 = Debug|Any CPU
		{7A692ABD-3DFC-420E-AADE-88D1253249B5}.Release|Any CPU.ActiveCfg = Release|Any CPU
		{7A692ABD-3DFC-420E-AADE-88D1253249B5}.Release|Any CPU.Build.0 = Release|Any CPU
		{0C53E46E-3DDD-473F-9F69-E367FC4BD335}.Debug|Any CPU.ActiveCfg = Debug|Any CPU
		{0C53E46E-3DDD-473F-9F69-E367FC4BD335}.Debug|Any CPU.Build.0 = Debug|Any CPU
		{0C53E46E-3DDD-473F-9F69-E367FC4BD335}.Release|Any CPU.ActiveCfg = Release|Any CPU
		{0C53E46E-3DDD-473F-9F69-E367FC4BD335}.Release|Any CPU.Build.0 = Release|Any CPU
		{537C41D6-AD46-457E-BFD8-48AE1CE14EF9}.Debug|Any CPU.ActiveCfg = Debug|Any CPU
		{537C41D6-AD46-457E-BFD8-48AE1CE14EF9}.Debug|Any CPU.Build.0 = Debug|Any CPU
		{537C41D6-AD46-457E-BFD8-48AE1CE14EF9}.Release|Any CPU.ActiveCfg = Release|Any CPU
		{537C41D6-AD46-457E-BFD8-48AE1CE14EF9}.Release|Any CPU.Build.0 = Release|Any CPU
		{72F3D1FF-B95C-4EA0-B249-EEF3F385A1EC}.Debug|Any CPU.ActiveCfg = Debug|Any CPU
		{72F3D1FF-B95C-4EA0-B249-EEF3F385A1EC}.Debug|Any CPU.Build.0 = Debug|Any CPU
		{72F3D1FF-B95C-4EA0-B249-EEF3F385A1EC}.Release|Any CPU.ActiveCfg = Release|Any CPU
		{72F3D1FF-B95C-4EA0-B249-EEF3F385A1EC}.Release|Any CPU.Build.0 = Release|Any CPU
	EndGlobalSection
EndGlobal
